
Microsoft Visual Studio Solution File, Format Version 12.00
# Visual Studio 2013
VisualStudioVersion = 12.0.31101.0
MinimumVisualStudioVersion = 10.0.40219.1
Project("{FAE04EC0-301F-11D3-BF4B-00C04F79EFBC}") = "QuickQuiz.Domain", "QuizProject.Domain\QuickQuiz.Domain.csproj", "{53227142-EAD9-455B-AA5A-A7BB7D1FD13D}"
EndProject
Project("{FAE04EC0-301F-11D3-BF4B-00C04F79EFBC}") = "QuickQuiz.Data", "QuizProject.data\QuickQuiz.Data.csproj", "{5FBB7567-8BE0-4E88-B675-C57465D47906}"
EndProject
Project("{FAE04EC0-301F-11D3-BF4B-00C04F79EFBC}") = "QuickQuiz.Service", "QuickQuiz.Service\QuickQuiz.Service.csproj", "{143DC771-D61D-4745-A97A-A164AE6B427E}"
EndProject
Project("{2150E333-8FDC-42A3-9474-1A3956D46DE8}") = ".nuget", ".nuget", "{3837B29C-2DF3-466C-B17C-93ACAE88313D}"
	ProjectSection(SolutionItems) = preProject
		.nuget\packages.config = .nuget\packages.config
	EndProjectSection
EndProject
Project("{FAE04EC0-301F-11D3-BF4B-00C04F79EFBC}") = "QuickQuiz.WebAPI2", "QuickQuiz.WebAPI\QuickQuiz.WebAPI2.csproj", "{608A6501-9896-473D-BEC7-E380DE3D5E14}"
EndProject
Project("{FAE04EC0-301F-11D3-BF4B-00C04F79EFBC}") = "QuickQuiz.WebAPI", "QuiqQuiz\QuickQuiz.WebAPI.csproj", "{559265F1-0861-41E4-90BE-72B080A59D5F}"
EndProject
Project("{CC5FD16D-436D-48AD-A40C-5A424C6E3E79}") = "QuickQuiz.CS", "QuickQuiz.CS\QuickQuiz.CS.ccproj", "{517EC6F3-ECFD-4D7C-B969-A7454849C14F}"
EndProject
Project("{FAE04EC0-301F-11D3-BF4B-00C04F79EFBC}") = "QuickQuiz.Web", "QuickQuiz.Web\QuickQuiz.Web.csproj", "{CF1BC748-8A9C-4C0A-B900-6616F639A0AB}"
EndProject
Global
	GlobalSection(SolutionConfigurationPlatforms) = preSolution
		Debug|Any CPU = Debug|Any CPU
		Release|Any CPU = Release|Any CPU
	EndGlobalSection
	GlobalSection(ProjectConfigurationPlatforms) = postSolution
		{53227142-EAD9-455B-AA5A-A7BB7D1FD13D}.Debug|Any CPU.ActiveCfg = Debug|Any CPU
		{53227142-EAD9-455B-AA5A-A7BB7D1FD13D}.Debug|Any CPU.Build.0 = Debug|Any CPU
		{53227142-EAD9-455B-AA5A-A7BB7D1FD13D}.Release|Any CPU.ActiveCfg = Release|Any CPU
		{53227142-EAD9-455B-AA5A-A7BB7D1FD13D}.Release|Any CPU.Build.0 = Release|Any CPU
		{5FBB7567-8BE0-4E88-B675-C57465D47906}.Debug|Any CPU.ActiveCfg = Debug|Any CPU
		{5FBB7567-8BE0-4E88-B675-C57465D47906}.Debug|Any CPU.Build.0 = Debug|Any CPU
		{5FBB7567-8BE0-4E88-B675-C57465D47906}.Release|Any CPU.ActiveCfg = Release|Any CPU
		{5FBB7567-8BE0-4E88-B675-C57465D47906}.Release|Any CPU.Build.0 = Release|Any CPU
		{143DC771-D61D-4745-A97A-A164AE6B427E}.Debug|Any CPU.ActiveCfg = Debug|Any CPU
		{143DC771-D61D-4745-A97A-A164AE6B427E}.Debug|Any CPU.Build.0 = Debug|Any CPU
		{143DC771-D61D-4745-A97A-A164AE6B427E}.Release|Any CPU.ActiveCfg = Release|Any CPU
		{143DC771-D61D-4745-A97A-A164AE6B427E}.Release|Any CPU.Build.0 = Release|Any CPU
		{608A6501-9896-473D-BEC7-E380DE3D5E14}.Debug|Any CPU.ActiveCfg = Debug|Any CPU
		{608A6501-9896-473D-BEC7-E380DE3D5E14}.Debug|Any CPU.Build.0 = Debug|Any CPU
		{608A6501-9896-473D-BEC7-E380DE3D5E14}.Release|Any CPU.ActiveCfg = Release|Any CPU
		{608A6501-9896-473D-BEC7-E380DE3D5E14}.Release|Any CPU.Build.0 = Release|Any CPU
		{559265F1-0861-41E4-90BE-72B080A59D5F}.Debug|Any CPU.ActiveCfg = Debug|Any CPU
		{559265F1-0861-41E4-90BE-72B080A59D5F}.Debug|Any CPU.Build.0 = Debug|Any CPU
		{559265F1-0861-41E4-90BE-72B080A59D5F}.Release|Any CPU.ActiveCfg = Release|Any CPU
		{559265F1-0861-41E4-90BE-72B080A59D5F}.Release|Any CPU.Build.0 = Release|Any CPU
		{517EC6F3-ECFD-4D7C-B969-A7454849C14F}.Debug|Any CPU.ActiveCfg = Debug|Any CPU
		{517EC6F3-ECFD-4D7C-B969-A7454849C14F}.Debug|Any CPU.Build.0 = Debug|Any CPU
		{517EC6F3-ECFD-4D7C-B969-A7454849C14F}.Release|Any CPU.ActiveCfg = Release|Any CPU
		{517EC6F3-ECFD-4D7C-B969-A7454849C14F}.Release|Any CPU.Build.0 = Release|Any CPU
		{CF1BC748-8A9C-4C0A-B900-6616F639A0AB}.Debug|Any CPU.ActiveCfg = Debug|Any CPU
		{CF1BC748-8A9C-4C0A-B900-6616F639A0AB}.Debug|Any CPU.Build.0 = Debug|Any CPU
		{CF1BC748-8A9C-4C0A-B900-6616F639A0AB}.Release|Any CPU.ActiveCfg = Release|Any CPU
		{CF1BC748-8A9C-4C0A-B900-6616F639A0AB}.Release|Any CPU.Build.0 = Release|Any CPU
	EndGlobalSection
	GlobalSection(SolutionProperties) = preSolution
		HideSolutionNode = FALSE
	EndGlobalSection
EndGlobal
