
Microsoft Visual Studio Solution File, Format Version 12.00
# Visual Studio 2013
VisualStudioVersion = 12.0.31101.0
MinimumVisualStudioVersion = 10.0.40219.1
Project("{FAE04EC0-301F-11D3-BF4B-00C04F79EFBC}") = "QuickQuiz.Domain", "QuizProject.Domain\QuickQuiz.Domain.csproj", "{53227142-EAD9-455B-AA5A-A7BB7D1FD13D}"
EndProject
Project("{FAE04EC0-301F-11D3-BF4B-00C04F79EFBC}") = "QuickQuiz.Data", "QuizProject.data\QuickQuiz.Data.csproj", "{5FBB7567-8BE0-4E88-B675-C57465D47906}"
EndProject
Project("{FAE04EC0-301F-11D3-BF4B-00C04F79EFBC}") = "QuickQuiz.Service", "QuickQuiz.Service\QuickQuiz.Service.csproj", "{143DC771-D61D-4745-A97A-A164AE6B427E}"
EndProject
Project("{2150E333-8FDC-42A3-9474-1A3956D46DE8}") = ".nuget", ".nuget", "{3837B29C-2DF3-466C-B17C-93ACAE88313D}"
	ProjectSection(SolutionItems) = preProject
		.nuget\packages.config = .nuget\packages.config
	EndProjectSection
EndProject
Project("{FAE04EC0-301F-11D3-BF4B-00C04F79EFBC}") = "QuickQuiz.WebAPI", "QuiqQuiz\QuickQuiz.WebAPI.csproj", "{559265F1-0861-41E4-90BE-72B080A59D5F}"
EndProject
Project("{CC5FD16D-436D-48AD-A40C-5A424C6E3E79}") = "QuickQuiz.CS", "QuickQuiz.CS\QuickQuiz.CS.ccproj", "{517EC6F3-ECFD-4D7C-B969-A7454849C14F}"
EndProject
Project("{FAE04EC0-301F-11D3-BF4B-00C04F79EFBC}") = "QuickQuiz.Web", "QuickQuiz.Web\QuickQuiz.Web.csproj", "{CF1BC748-8A9C-4C0A-B900-6616F639A0AB}"
EndProject
Project("{FAE04EC0-301F-11D3-BF4B-00C04F79EFBC}") = "quizapi", "quizapi\quizapi.csproj", "{F7906A45-1E2B-4405-9916-807A772777C7}"
EndProject
Project("{FAE04EC0-301F-11D3-BF4B-00C04F79EFBC}") = "QuickQuizRole", "QuickQuizRole\QuickQuizRole.csproj", "{7F5FF4C8-3E52-4DB6-95DB-3C0026568003}"
EndProject
Project("{FAE04EC0-301F-11D3-BF4B-00C04F79EFBC}") = "QuickQuiz.Api", "QuickQuiz.Api\QuickQuiz.Api.csproj", "{0E9F767D-FC93-49D7-BBCE-5B89A575D76D}"
EndProject
Project("{2150E333-8FDC-42A3-9474-1A3956D46DE8}") = "PublishScripts", "PublishScripts", "{EE06449B-32D0-4F85-99EC-F12ADEC8E8C8}"
	ProjectSection(SolutionItems) = preProject
		PublishScripts\AzureWebsitePublishModule.psm1 = PublishScripts\AzureWebsitePublishModule.psm1
		PublishScripts\Publish-WebApplicationWebsite.ps1 = PublishScripts\Publish-WebApplicationWebsite.ps1
	EndProjectSection
EndProject
Project("{2150E333-8FDC-42A3-9474-1A3956D46DE8}") = "Configurations", "Configurations", "{CAA5C7E3-672D-44D2-AB06-11ED22AE1106}"
	ProjectSection(SolutionItems) = preProject
		PublishScripts\Configurations\QuickQuizApi-WAWS-dev.json = PublishScripts\Configurations\QuickQuizApi-WAWS-dev.json
	EndProjectSection
EndProject
Global
	GlobalSection(SolutionConfigurationPlatforms) = preSolution
		Debug|Any CPU = Debug|Any CPU
		Release|Any CPU = Release|Any CPU
	EndGlobalSection
	GlobalSection(ProjectConfigurationPlatforms) = postSolution
		{53227142-EAD9-455B-AA5A-A7BB7D1FD13D}.Debug|Any CPU.ActiveCfg = Debug|Any CPU
		{53227142-EAD9-455B-AA5A-A7BB7D1FD13D}.Debug|Any CPU.Build.0 = Debug|Any CPU
		{53227142-EAD9-455B-AA5A-A7BB7D1FD13D}.Release|Any CPU.ActiveCfg = Release|Any CPU
		{53227142-EAD9-455B-AA5A-A7BB7D1FD13D}.Release|Any CPU.Build.0 = Release|Any CPU
		{5FBB7567-8BE0-4E88-B675-C57465D47906}.Debug|Any CPU.ActiveCfg = Debug|Any CPU
		{5FBB7567-8BE0-4E88-B675-C57465D47906}.Debug|Any CPU.Build.0 = Debug|Any CPU
		{5FBB7567-8BE0-4E88-B675-C57465D47906}.Release|Any CPU.ActiveCfg = Release|Any CPU
		{5FBB7567-8BE0-4E88-B675-C57465D47906}.Release|Any CPU.Build.0 = Release|Any CPU
		{143DC771-D61D-4745-A97A-A164AE6B427E}.Debug|Any CPU.ActiveCfg = Debug|Any CPU
		{143DC771-D61D-4745-A97A-A164AE6B427E}.Debug|Any CPU.Build.0 = Debug|Any CPU
		{143DC771-D61D-4745-A97A-A164AE6B427E}.Release|Any CPU.ActiveCfg = Release|Any CPU
		{143DC771-D61D-4745-A97A-A164AE6B427E}.Release|Any CPU.Build.0 = Release|Any CPU
		{559265F1-0861-41E4-90BE-72B080A59D5F}.Debug|Any CPU.ActiveCfg = Debug|Any CPU
		{559265F1-0861-41E4-90BE-72B080A59D5F}.Debug|Any CPU.Build.0 = Debug|Any CPU
		{559265F1-0861-41E4-90BE-72B080A59D5F}.Release|Any CPU.ActiveCfg = Release|Any CPU
		{559265F1-0861-41E4-90BE-72B080A59D5F}.Release|Any CPU.Build.0 = Release|Any CPU
		{517EC6F3-ECFD-4D7C-B969-A7454849C14F}.Debug|Any CPU.ActiveCfg = Debug|Any CPU
		{517EC6F3-ECFD-4D7C-B969-A7454849C14F}.Debug|Any CPU.Build.0 = Debug|Any CPU
		{517EC6F3-ECFD-4D7C-B969-A7454849C14F}.Release|Any CPU.ActiveCfg = Release|Any CPU
		{517EC6F3-ECFD-4D7C-B969-A7454849C14F}.Release|Any CPU.Build.0 = Release|Any CPU
		{CF1BC748-8A9C-4C0A-B900-6616F639A0AB}.Debug|Any CPU.ActiveCfg = Debug|Any CPU
		{CF1BC748-8A9C-4C0A-B900-6616F639A0AB}.Debug|Any CPU.Build.0 = Debug|Any CPU
		{CF1BC748-8A9C-4C0A-B900-6616F639A0AB}.Release|Any CPU.ActiveCfg = Release|Any CPU
		{CF1BC748-8A9C-4C0A-B900-6616F639A0AB}.Release|Any CPU.Build.0 = Release|Any CPU
		{F7906A45-1E2B-4405-9916-807A772777C7}.Debug|Any CPU.ActiveCfg = Debug|Any CPU
		{F7906A45-1E2B-4405-9916-807A772777C7}.Debug|Any CPU.Build.0 = Debug|Any CPU
		{F7906A45-1E2B-4405-9916-807A772777C7}.Release|Any CPU.ActiveCfg = Release|Any CPU
		{F7906A45-1E2B-4405-9916-807A772777C7}.Release|Any CPU.Build.0 = Release|Any CPU
		{7F5FF4C8-3E52-4DB6-95DB-3C0026568003}.Debug|Any CPU.ActiveCfg = Debug|Any CPU
		{7F5FF4C8-3E52-4DB6-95DB-3C0026568003}.Debug|Any CPU.Build.0 = Debug|Any CPU
		{7F5FF4C8-3E52-4DB6-95DB-3C0026568003}.Release|Any CPU.ActiveCfg = Release|Any CPU
		{7F5FF4C8-3E52-4DB6-95DB-3C0026568003}.Release|Any CPU.Build.0 = Release|Any CPU
		{0E9F767D-FC93-49D7-BBCE-5B89A575D76D}.Debug|Any CPU.ActiveCfg = Debug|Any CPU
		{0E9F767D-FC93-49D7-BBCE-5B89A575D76D}.Debug|Any CPU.Build.0 = Debug|Any CPU
		{0E9F767D-FC93-49D7-BBCE-5B89A575D76D}.Release|Any CPU.ActiveCfg = Release|Any CPU
		{0E9F767D-FC93-49D7-BBCE-5B89A575D76D}.Release|Any CPU.Build.0 = Release|Any CPU
	EndGlobalSection
	GlobalSection(SolutionProperties) = preSolution
		HideSolutionNode = FALSE
	EndGlobalSection
	GlobalSection(NestedProjects) = preSolution
		{CAA5C7E3-672D-44D2-AB06-11ED22AE1106} = {EE06449B-32D0-4F85-99EC-F12ADEC8E8C8}
	EndGlobalSection
EndGlobal
